{
  "name": "opencode",
  "lockfileVersion": 3,
  "requires": true,
  "packages": {
    "": {
      "dependencies": {
        "@opencode-ai/plugin": "1.1.44",
        "opencode-ignore": "^1.1.0"
      }
    },
    "node_modules/@opencode-ai/plugin": {
      "version": "1.1.44",
      "license": "MIT",
      "dependencies": {
        "@opencode-ai/sdk": "1.1.44",
        "zod": "4.1.8"
      }
    },
    "node_modules/@opencode-ai/sdk": {
      "version": "1.1.44",
      "license": "MIT"
    },
    "node_modules/ignore": {
      "version": "7.0.5",
      "license": "MIT",
      "engines": {
        "node": ">= 4"
      }
    },
    "node_modules/opencode-ignore": {
      "version": "1.1.0",
      "license": "MIT",
      "dependencies": {
        "ignore": "^7.0.5"
      },
      "peerDependencies": {
        "@opencode-ai/plugin": "^0.15.0",
        "typescript": "^5.9.3"
      }
    },
    "node_modules/zod": {
      "version": "4.1.8",
      "license": "MIT",
      "funding": {
        "url": "https://github.com/sponsors/colinhacks"
      }
    }
  }
}
